// !$*UTF8*$!
{
	archiveVersion = 1;
	classes = {
	};
	objectVersion = 56;
	objects = {

/* Begin PBXBuildFile section */
		841CA09A2B5DFA900099FDE4 /* LocationViewModel.swift in Sources */ = {isa = PBXBuildFile; fileRef = 841CA0992B5DFA900099FDE4 /* LocationViewModel.swift */; };
		844AA25E2B5DB90000B20980 /* WeatherModel.swift in Sources */ = {isa = PBXBuildFile; fileRef = 844AA25D2B5DB90000B20980 /* WeatherModel.swift */; };
		844AA2602B5DBB7300B20980 /* WeatherModelMapper.swift in Sources */ = {isa = PBXBuildFile; fileRef = 844AA25F2B5DBB7300B20980 /* WeatherModelMapper.swift */; };
		84B1D1552B5DA8F400A172F0 /* ClimaApp.swift in Sources */ = {isa = PBXBuildFile; fileRef = 84B1D1542B5DA8F400A172F0 /* ClimaApp.swift */; };
		84B1D1572B5DA8F400A172F0 /* ContentView.swift in Sources */ = {isa = PBXBuildFile; fileRef = 84B1D1562B5DA8F400A172F0 /* ContentView.swift */; };
		84B1D1592B5DA8F600A172F0 /* Assets.xcassets in Resources */ = {isa = PBXBuildFile; fileRef = 84B1D1582B5DA8F600A172F0 /* Assets.xcassets */; };
		84B1D15C2B5DA8F600A172F0 /* Preview Assets.xcassets in Resources */ = {isa = PBXBuildFile; fileRef = 84B1D15B2B5DA8F600A172F0 /* Preview Assets.xcassets */; };
		84B1D1662B5DAB1B00A172F0 /* WeatherResponseDataModel.swift in Sources */ = {isa = PBXBuildFile; fileRef = 84B1D1652B5DAB1B00A172F0 /* WeatherResponseDataModel.swift */; };
		84B1D1682B5DAB3400A172F0 /* WeatherViewModel.swift in Sources */ = {isa = PBXBuildFile; fileRef = 84B1D1672B5DAB3400A172F0 /* WeatherViewModel.swift */; };
/* End PBXBuildFile section */

/* Begin PBXFileReference section */
		841CA0992B5DFA900099FDE4 /* LocationViewModel.swift */ = {isa = PBXFileReference; lastKnownFileType = sourcecode.swift; path = LocationViewModel.swift; sourceTree = "<group>"; };
		844AA25D2B5DB90000B20980 /* WeatherModel.swift */ = {isa = PBXFileReference; lastKnownFileType = sourcecode.swift; path = WeatherModel.swift; sourceTree = "<group>"; };
		844AA25F2B5DBB7300B20980 /* WeatherModelMapper.swift */ = {isa = PBXFileReference; lastKnownFileType = sourcecode.swift; path = WeatherModelMapper.swift; sourceTree = "<group>"; };
		84B1D1512B5DA8F400A172F0 /* Clima.app */ = {isa = PBXFileReference; explicitFileType = wrapper.application; includeInIndex = 0; path = Clima.app; sourceTree = BUILT_PRODUCTS_DIR; };
		84B1D1542B5DA8F400A172F0 /* ClimaApp.swift */ = {isa = PBXFileReference; lastKnownFileType = sourcecode.swift; path = ClimaApp.swift; sourceTree = "<group>"; };
		84B1D1562B5DA8F400A172F0 /* ContentView.swift */ = {isa = PBXFileReference; lastKnownFileType = sourcecode.swift; path = ContentView.swift; sourceTree = "<group>"; };
		84B1D1582B5DA8F600A172F0 /* Assets.xcassets */ = {isa = PBXFileReference; lastKnownFileType = folder.assetcatalog; path = Assets.xcassets; sourceTree = "<group>"; };
		84B1D15B2B5DA8F600A172F0 /* Preview Assets.xcassets */ = {isa = PBXFileReference; lastKnownFileType = folder.assetcatalog; path = "Preview Assets.xcassets"; sourceTree = "<group>"; };
		84B1D1652B5DAB1B00A172F0 /* WeatherResponseDataModel.swift */ = {isa = PBXFileReference; lastKnownFileType = sourcecode.swift; path = WeatherResponseDataModel.swift; sourceTree = "<group>"; };
		84B1D1672B5DAB3400A172F0 /* WeatherViewModel.swift */ = {isa = PBXFileReference; lastKnownFileType = sourcecode.swift; path = WeatherViewModel.swift; sourceTree = "<group>"; };
		84B1D1692B5DAB9400A172F0 /* Info.plist */ = {isa = PBXFileReference; lastKnownFileType = text.plist; path = Info.plist; sourceTree = "<group>"; };
/* End PBXFileReference section */

/* Begin PBXFrameworksBuildPhase section */
		84B1D14E2B5DA8F400A172F0 /* Frameworks */ = {
			isa = PBXFrameworksBuildPhase;
			buildActionMask = 2147483647;
			files = (
			);
			runOnlyForDeploymentPostprocessing = 0;
		};
/* End PBXFrameworksBuildPhase section */

/* Begin PBXGroup section */
		84B1D1482B5DA8F400A172F0 = {
			isa = PBXGroup;
			children = (
				84B1D1532B5DA8F400A172F0 /* Clima */,
				84B1D1522B5DA8F400A172F0 /* Products */,
			);
			sourceTree = "<group>";
		};
		84B1D1522B5DA8F400A172F0 /* Products */ = {
			isa = PBXGroup;
			children = (
				84B1D1512B5DA8F400A172F0 /* Clima.app */,
			);
			name = Products;
			sourceTree = "<group>";
		};
		84B1D1532B5DA8F400A172F0 /* Clima */ = {
			isa = PBXGroup;
			children = (
				84B1D1692B5DAB9400A172F0 /* Info.plist */,
				84B1D1622B5DA90300A172F0 /* Model */,
				84B1D1632B5DA91000A172F0 /* View */,
				84B1D1642B5DA91B00A172F0 /* ViewModel */,
				84B1D1542B5DA8F400A172F0 /* ClimaApp.swift */,
				84B1D1582B5DA8F600A172F0 /* Assets.xcassets */,
				84B1D15A2B5DA8F600A172F0 /* Preview Content */,
			);
			path = Clima;
			sourceTree = "<group>";
		};
		84B1D15A2B5DA8F600A172F0 /* Preview Content */ = {
			isa = PBXGroup;
			children = (
				84B1D15B2B5DA8F600A172F0 /* Preview Assets.xcassets */,
			);
			path = "Preview Content";
			sourceTree = "<group>";
		};
		84B1D1622B5DA90300A172F0 /* Model */ = {
			isa = PBXGroup;
			children = (
				84B1D1652B5DAB1B00A172F0 /* WeatherResponseDataModel.swift */,
				844AA25D2B5DB90000B20980 /* WeatherModel.swift */,
			);
			path = Model;
			sourceTree = "<group>";
		};
		84B1D1632B5DA91000A172F0 /* View */ = {
			isa = PBXGroup;
			children = (
				84B1D1562B5DA8F400A172F0 /* ContentView.swift */,
			);
			name = View;
			path = "New Group1";
			sourceTree = "<group>";
		};
		84B1D1642B5DA91B00A172F0 /* ViewModel */ = {
			isa = PBXGroup;
			children = (
				84B1D1672B5DAB3400A172F0 /* WeatherViewModel.swift */,
				844AA25F2B5DBB7300B20980 /* WeatherModelMapper.swift */,
				841CA0992B5DFA900099FDE4 /* LocationViewModel.swift */,
			);
			path = ViewModel;
			sourceTree = "<group>";
		};
/* End PBXGroup section */

/* Begin PBXNativeTarget section */
		84B1D1502B5DA8F400A172F0 /* Clima */ = {
			isa = PBXNativeTarget;
			buildConfigurationList = 84B1D15F2B5DA8F600A172F0 /* Build configuration list for PBXNativeTarget "Clima" */;
			buildPhases = (
				84B1D14D2B5DA8F400A172F0 /* Sources */,
				84B1D14E2B5DA8F400A172F0 /* Frameworks */,
				84B1D14F2B5DA8F400A172F0 /* Resources */,
			);
			buildRules = (
			);
			dependencies = (
			);
			name = Clima;
			productName = Clima;
			productReference = 84B1D1512B5DA8F400A172F0 /* Clima.app */;
			productType = "com.apple.product-type.application";
		};
/* End PBXNativeTarget section */

/* Begin PBXProject section */
		84B1D1492B5DA8F400A172F0 /* Project object */ = {
			isa = PBXProject;
			attributes = {
				BuildIndependentTargetsInParallel = 1;
				LastSwiftUpdateCheck = 1420;
				LastUpgradeCheck = 1420;
				TargetAttributes = {
					84B1D1502B5DA8F400A172F0 = {
						CreatedOnToolsVersion = 14.2;
					};
				};
			};
			buildConfigurationList = 84B1D14C2B5DA8F400A172F0 /* Build configuration list for PBXProject "Clima" */;
			compatibilityVersion = "Xcode 14.0";
			developmentRegion = en;
			hasScannedForEncodings = 0;
			knownRegions = (
				en,
				Base,
			);
			mainGroup = 84B1D1482B5DA8F400A172F0;
			productRefGroup = 84B1D1522B5DA8F400A172F0 /* Products */;
			projectDirPath = "";
			projectRoot = "";
			targets = (
				84B1D1502B5DA8F400A172F0 /* Clima */,
			);
		};
/* End PBXProject section */

/* Begin PBXResourcesBuildPhase section */
		84B1D14F2B5DA8F400A172F0 /* Resources */ = {
			isa = PBXResourcesBuildPhase;
			buildActionMask = 2147483647;
			files = (
				84B1D15C2B5DA8F600A172F0 /* Preview Assets.xcassets in Resources */,
				84B1D1592B5DA8F600A172F0 /* Assets.xcassets in Resources */,
			);
			runOnlyForDeploymentPostprocessing = 0;
		};
/* End PBXResourcesBuildPhase section */

/* Begin PBXSourcesBuildPhase section */
		84B1D14D2B5DA8F400A172F0 /* Sources */ = {
			isa = PBXSourcesBuildPhase;
			buildActionMask = 2147483647;
			files = (
				84B1D1572B5DA8F400A172F0 /* ContentView.swift in Sources */,
				84B1D1682B5DAB3400A172F0 /* WeatherViewModel.swift in Sources */,
				84B1D1552B5DA8F400A172F0 /* ClimaApp.swift in Sources */,
				84B1D1662B5DAB1B00A172F0 /* WeatherResponseDataModel.swift in Sources */,
				841CA09A2B5DFA900099FDE4 /* LocationViewModel.swift in Sources */,
				844AA25E2B5DB90000B20980 /* WeatherModel.swift in Sources */,
				844AA2602B5DBB7300B20980 /* WeatherModelMapper.swift in Sources */,
			);
			runOnlyForDeploymentPostprocessing = 0;
		};
/* End PBXSourcesBuildPhase section */

/* Begin XCBuildConfiguration section */
		84B1D15D2B5DA8F600A172F0 /* Debug */ = {
			isa = XCBuildConfiguration;
			buildSettings = {
				ALWAYS_SEARCH_USER_PATHS = NO;
				CLANG_ANALYZER_NONNULL = YES;
				CLANG_ANALYZER_NUMBER_OBJECT_CONVERSION = YES_AGGRESSIVE;
				CLANG_CXX_LANGUAGE_STANDARD = "gnu++20";
				CLANG_ENABLE_MODULES = YES;
				CLANG_ENABLE_OBJC_ARC = YES;
				CLANG_ENABLE_OBJC_WEAK = YES;
				CLANG_WARN_BLOCK_CAPTURE_AUTORELEASING = YES;
				CLANG_WARN_BOOL_CONVERSION = YES;
				CLANG_WARN_COMMA = YES;
				CLANG_WARN_CONSTANT_CONVERSION = YES;
				CLANG_WARN_DEPRECATED_OBJC_IMPLEMENTATIONS = YES;
				CLANG_WARN_DIRECT_OBJC_ISA_USAGE = YES_ERROR;
				CLANG_WARN_DOCUMENTATION_COMMENTS = YES;
				CLANG_WARN_EMPTY_BODY = YES;
				CLANG_WARN_ENUM_CONVERSION = YES;
				CLANG_WARN_INFINITE_RECURSION = YES;
				CLANG_WARN_INT_CONVERSION = YES;
				CLANG_WARN_NON_LITERAL_NULL_CONVERSION = YES;
				CLANG_WARN_OBJC_IMPLICIT_RETAIN_SELF = YES;
				CLANG_WARN_OBJC_LITERAL_CONVERSION = YES;
				CLANG_WARN_OBJC_ROOT_CLASS = YES_ERROR;
				CLANG_WARN_QUOTED_INCLUDE_IN_FRAMEWORK_HEADER = YES;
				CLANG_WARN_RANGE_LOOP_ANALYSIS = YES;
				CLANG_WARN_STRICT_PROTOTYPES = YES;
				CLANG_WARN_SUSPICIOUS_MOVE = YES;
				CLANG_WARN_UNGUARDED_AVAILABILITY = YES_AGGRESSIVE;
				CLANG_WARN_UNREACHABLE_CODE = YES;
				CLANG_WARN__DUPLICATE_METHOD_MATCH = YES;
				COPY_PHASE_STRIP = NO;
				DEBUG_INFORMATION_FORMAT = dwarf;
				ENABLE_STRICT_OBJC_MSGSEND = YES;
				ENABLE_TESTABILITY = YES;
				GCC_C_LANGUAGE_STANDARD = gnu11;
				GCC_DYNAMIC_NO_PIC = NO;
				GCC_NO_COMMON_BLOCKS = YES;
				GCC_OPTIMIZATION_LEVEL = 0;
				GCC_PREPROCESSOR_DEFINITIONS = (
					"DEBUG=1",
					"$(inherited)",
				);
				GCC_WARN_64_TO_32_BIT_CONVERSION = YES;
				GCC_WARN_ABOUT_RETURN_TYPE = YES_ERROR;
				GCC_WARN_UNDECLARED_SELECTOR = YES;
				GCC_WARN_UNINITIALIZED_AUTOS = YES_AGGRESSIVE;
				GCC_WARN_UNUSED_FUNCTION = YES;
				GCC_WARN_UNUSED_VARIABLE = YES;
				IPHONEOS_DEPLOYMENT_TARGET = 16.2;
				MTL_ENABLE_DEBUG_INFO = INCLUDE_SOURCE;
				MTL_FAST_MATH = YES;
				ONLY_ACTIVE_ARCH = YES;
				SDKROOT = iphoneos;
				SWIFT_ACTIVE_COMPILATION_CONDITIONS = DEBUG;
				SWIFT_OPTIMIZATION_LEVEL = "-Onone";
			};
			name = Debug;
		};
		84B1D15E2B5DA8F600A172F0 /* Release */ = {
			isa = XCBuildConfiguration;
			buildSettings = {
				ALWAYS_SEARCH_USER_PATHS = NO;
				CLANG_ANALYZER_NONNULL = YES;
				CLANG_ANALYZER_NUMBER_OBJECT_CONVERSION = YES_AGGRESSIVE;
				CLANG_CXX_LANGUAGE_STANDARD = "gnu++20";
				CLANG_ENABLE_MODULES = YES;
				CLANG_ENABLE_OBJC_ARC = YES;
				CLANG_ENABLE_OBJC_WEAK = YES;
				CLANG_WARN_BLOCK_CAPTURE_AUTORELEASING = YES;
				CLANG_WARN_BOOL_CONVERSION = YES;
				CLANG_WARN_COMMA = YES;
				CLANG_WARN_CONSTANT_CONVERSION = YES;
				CLANG_WARN_DEPRECATED_OBJC_IMPLEMENTATIONS = YES;
				CLANG_WARN_DIRECT_OBJC_ISA_USAGE = YES_ERROR;
				CLANG_WARN_DOCUMENTATION_COMMENTS = YES;
				CLANG_WARN_EMPTY_BODY = YES;
				CLANG_WARN_ENUM_CONVERSION = YES;
				CLANG_WARN_INFINITE_RECURSION = YES;
				CLANG_WARN_INT_CONVERSION = YES;
				CLANG_WARN_NON_LITERAL_NULL_CONVERSION = YES;
				CLANG_WARN_OBJC_IMPLICIT_RETAIN_SELF = YES;
				CLANG_WARN_OBJC_LITERAL_CONVERSION = YES;
				CLANG_WARN_OBJC_ROOT_CLASS = YES_ERROR;
				CLANG_WARN_QUOTED_INCLUDE_IN_FRAMEWORK_HEADER = YES;
				CLANG_WARN_RANGE_LOOP_ANALYSIS = YES;
				CLANG_WARN_STRICT_PROTOTYPES = YES;
				CLANG_WARN_SUSPICIOUS_MOVE = YES;
				CLANG_WARN_UNGUARDED_AVAILABILITY = YES_AGGRESSIVE;
				CLANG_WARN_UNREACHABLE_CODE = YES;
				CLANG_WARN__DUPLICATE_METHOD_MATCH = YES;
				COPY_PHASE_STRIP = NO;
				DEBUG_INFORMATION_FORMAT = "dwarf-with-dsym";
				ENABLE_NS_ASSERTIONS = NO;
				ENABLE_STRICT_OBJC_MSGSEND = YES;
				GCC_C_LANGUAGE_STANDARD = gnu11;
				GCC_NO_COMMON_BLOCKS = YES;
				GCC_WARN_64_TO_32_BIT_CONVERSION = YES;
				GCC_WARN_ABOUT_RETURN_TYPE = YES_ERROR;
				GCC_WARN_UNDECLARED_SELECTOR = YES;
				GCC_WARN_UNINITIALIZED_AUTOS = YES_AGGRESSIVE;
				GCC_WARN_UNUSED_FUNCTION = YES;
				GCC_WARN_UNUSED_VARIABLE = YES;
				IPHONEOS_DEPLOYMENT_TARGET = 16.2;
				MTL_ENABLE_DEBUG_INFO = NO;
				MTL_FAST_MATH = YES;
				SDKROOT = iphoneos;
				SWIFT_COMPILATION_MODE = wholemodule;
				SWIFT_OPTIMIZATION_LEVEL = "-O";
				VALIDATE_PRODUCT = YES;
			};
			name = Release;
		};
		84B1D1602B5DA8F600A172F0 /* Debug */ = {
			isa = XCBuildConfiguration;
			buildSettings = {
				ASSETCATALOG_COMPILER_APPICON_NAME = AppIcon;
				ASSETCATALOG_COMPILER_GLOBAL_ACCENT_COLOR_NAME = AccentColor;
				CODE_SIGN_STYLE = Automatic;
				CURRENT_PROJECT_VERSION = 1;
				DEVELOPMENT_ASSET_PATHS = "\"Clima/Preview Content\"";
				DEVELOPMENT_TEAM = XV2X26M98W;
				ENABLE_PREVIEWS = YES;
				GENERATE_INFOPLIST_FILE = YES;
				INFOPLIST_FILE = Clima/Info.plist;
				INFOPLIST_KEY_NSLocationAlwaysAndWhenInUseUsageDescription = "Se necesita tu ubicación para mostrar la temperatura";
				INFOPLIST_KEY_NSLocationWhenInUseUsageDescription = "Se necesita la ubicación para mostrar el clima";
				INFOPLIST_KEY_UIApplicationSceneManifest_Generation = YES;
				INFOPLIST_KEY_UIApplicationSupportsIndirectInputEvents = YES;
				INFOPLIST_KEY_UILaunchScreen_Generation = YES;
				INFOPLIST_KEY_UISupportedInterfaceOrientations_iPad = "UIInterfaceOrientationPortrait UIInterfaceOrientationPortraitUpsideDown UIInterfaceOrientationLandscapeLeft UIInterfaceOrientationLandscapeRight";
				INFOPLIST_KEY_UISupportedInterfaceOrientations_iPhone = "UIInterfaceOrientationPortrait UIInterfaceOrientationLandscapeLeft UIInterfaceOrientationLandscapeRight";
				LD_RUNPATH_SEARCH_PATHS = (
					"$(inherited)",
					"@executable_path/Frameworks",
				);
				MARKETING_VERSION = 1.0;
				PRODUCT_BUNDLE_IDENTIFIER = com.yorgiSoft.Clima;
				PRODUCT_NAME = "$(TARGET_NAME)";
				SWIFT_EMIT_LOC_STRINGS = YES;
				SWIFT_VERSION = 5.0;
				TARGETED_DEVICE_FAMILY = "1,2";
			};
			name = Debug;
		};
		84B1D1612B5DA8F600A172F0 /* Release */ = {
			isa = XCBuildConfiguration;
			buildSettings = {
				ASSETCATALOG_COMPILER_APPICON_NAME = AppIcon;
				ASSETCATALOG_COMPILER_GLOBAL_ACCENT_COLOR_NAME = AccentColor;
				CODE_SIGN_STYLE = Automatic;
				CURRENT_PROJECT_VERSION = 1;
				DEVELOPMENT_ASSET_PATHS = "\"Clima/Preview Content\"";
				DEVELOPMENT_TEAM = XV2X26M98W;
				ENABLE_PREVIEWS = YES;
				GENERATE_INFOPLIST_FILE = YES;
				INFOPLIST_FILE = Clima/Info.plist;
				INFOPLIST_KEY_NSLocationAlwaysAndWhenInUseUsageDescription = "Se necesita tu ubicación para mostrar la temperatura";
				INFOPLIST_KEY_NSLocationWhenInUseUsageDescription = "Se necesita la ubicación para mostrar el clima";
				INFOPLIST_KEY_UIApplicationSceneManifest_Generation = YES;
				INFOPLIST_KEY_UIApplicationSupportsIndirectInputEvents = YES;
				INFOPLIST_KEY_UILaunchScreen_Generation = YES;
				INFOPLIST_KEY_UISupportedInterfaceOrientations_iPad = "UIInterfaceOrientationPortrait UIInterfaceOrientationPortraitUpsideDown UIInterfaceOrientationLandscapeLeft UIInterfaceOrientationLandscapeRight";
				INFOPLIST_KEY_UISupportedInterfaceOrientations_iPhone = "UIInterfaceOrientationPortrait UIInterfaceOrientationLandscapeLeft UIInterfaceOrientationLandscapeRight";
				LD_RUNPATH_SEARCH_PATHS = (
					"$(inherited)",
					"@executable_path/Frameworks",
				);
				MARKETING_VERSION = 1.0;
				PRODUCT_BUNDLE_IDENTIFIER = com.yorgiSoft.Clima;
				PRODUCT_NAME = "$(TARGET_NAME)";
				SWIFT_EMIT_LOC_STRINGS = YES;
				SWIFT_VERSION = 5.0;
				TARGETED_DEVICE_FAMILY = "1,2";
			};
			name = Release;
		};
/* End XCBuildConfiguration section */

/* Begin XCConfigurationList section */
		84B1D14C2B5DA8F400A172F0 /* Build configuration list for PBXProject "Clima" */ = {
			isa = XCConfigurationList;
			buildConfigurations = (
				84B1D15D2B5DA8F600A172F0 /* Debug */,
				84B1D15E2B5DA8F600A172F0 /* Release */,
			);
			defaultConfigurationIsVisible = 0;
			defaultConfigurationName = Release;
		};
		84B1D15F2B5DA8F600A172F0 /* Build configuration list for PBXNativeTarget "Clima" */ = {
			isa = XCConfigurationList;
			buildConfigurations = (
				84B1D1602B5DA8F600A172F0 /* Debug */,
				84B1D1612B5DA8F600A172F0 /* Release */,
			);
			defaultConfigurationIsVisible = 0;
			defaultConfigurationName = Release;
		};
/* End XCConfigurationList section */
	};
	rootObject = 84B1D1492B5DA8F400A172F0 /* Project object */;
}
